{
    "_meta": {
        "hash": {
            "sha256": "9083e3390a8cdf4cd9f5b005b960838529021da1a103aa4695a753fb0fd2613a"
        },
        "pipfile-spec": 6,
        "requires": {
            "python_version": "3.9"
        },
        "sources": [
            {
                "name": "pypi",
                "url": "https://pypi.org/simple",
                "verify_ssl": true
            }
        ]
    },
    "default": {
        "numpy": {
            "hashes": [
                "sha256:1a784e8ff7ea2a32e393cc53eb0003eca1597c7ca628227e34ce34eb11645a0e",
                "sha256:2ba579dde0563f47021dcd652253103d6fd66165b18011dce1a0609215b2791e",
                "sha256:3537b967b350ad17633b35c2f4b1a1bbd258c018910b518c30b48c8e41272717",
                "sha256:3c40e6b860220ed862e8097b8f81c9af6d7405b723f4a7af24a267b46f90e461",
                "sha256:598fe100b2948465cf3ed64b1a326424b5e4be2670552066e17dfaa67246011d",
                "sha256:620732f42259eb2c4642761bd324462a01cdd13dd111740ce3d344992dd8492f",
                "sha256:709884863def34d72b183d074d8ba5cfe042bc3ff8898f1ffad0209161caaa99",
                "sha256:75579acbadbf74e3afd1153da6177f846212ea2a0cc77de53523ae02c9256513",
                "sha256:7c55407f739f0bfcec67d0df49103f9333edc870061358ac8a8c9e37ea02fcd2",
                "sha256:a1f2fb2da242568af0271455b89aee0f71e4e032086ee2b4c5098945d0e11cf6",
                "sha256:a290989cd671cd0605e9c91a70e6df660f73ae87484218e8285c6522d29f6e38",
                "sha256:ac4fd578322842dbda8d968e3962e9f22e862b6ec6e3378e7415625915e2da4d",
                "sha256:ad09f55cc95ed8d80d8ab2052f78cc21cb231764de73e229140d81ff49d8145e",
                "sha256:b9205711e5440954f861ceeea8f1b415d7dd15214add2e878b4d1cf2bcb1a914",
                "sha256:bba474a87496d96e61461f7306fba2ebba127bed7836212c360f144d1e72ac54",
                "sha256:bebab3eaf0641bba26039fb0b2c5bf9b99407924b53b1ea86e03c32c64ef5aef",
                "sha256:cc367c86eb87e5b7c9592935620f22d13b090c609f1b27e49600cd033b529f54",
                "sha256:ccc6c650f8700ce1e3a77668bb7c43e45c20ac06ae00d22bdf6760b38958c883",
                "sha256:cf680682ad0a3bef56dae200dbcbac2d57294a73e5b0f9864955e7dd7c2c2491",
                "sha256:d2910d0a075caed95de1a605df00ee03b599de5419d0b95d55342e9a33ad1fb3",
                "sha256:d5caa946a9f55511e76446e170bdad1d12d6b54e17a2afe7b189112ed4412bb8",
                "sha256:d89b0dc7f005090e32bb4f9bf796e1dcca6b52243caf1803fdd2b748d8561f63",
                "sha256:d95d16204cd51ff1a1c8d5f9958ce90ae190be81d348b514f9be39f878b8044a",
                "sha256:e4d5a86a5257843a18fb1220c5f1c199532bc5d24e849ed4b0289fb59fbd4d8f",
                "sha256:e58ddb53a7b4959932f5582ac455ff90dcb05fac3f8dcc8079498d43afbbde6c",
                "sha256:e80fe25cba41c124d04c662f33f6364909b985f2eb5998aaa5ae4b9587242cce",
                "sha256:eda2829af498946c59d8585a9fd74da3f810866e05f8df03a86f70079c7531dd",
                "sha256:fd0a359c1c17f00cb37de2969984a74320970e0ceef4808c32e00773b06649d9"
            ],
            "index": "pypi",
            "version": "==1.21.0"
        },
        "pygame": {
            "hashes": [
                "sha256:0c0c3806188719fec635471b9257db4daa947c6896465a425f39690a8e9ad323",
                "sha256:0f50c4ac857fef1ddfd09921ed8cf16c2b5e5dccd23aa27d66847225f9879f95",
                "sha256:0f97702b49367e6eb1de72110c63e816b96fa29c9404689c185189e106c58f3a",
                "sha256:1521d4b0788cf3e9e4bb3a918ffe3bccbdc5c71ab5149d20b3998d1cb609b123",
                "sha256:17f2311788273cd61c6c94637ccb0aac1b454069ef8342bf7696dd34e8150f22",
                "sha256:1d9cb4bae275d6341c46acc77741407abff10357d5711c29a94a9874875ac7d1",
                "sha256:27f63297bca65260da0008f9c762846a06511940a19645d391f08c10e7f7a9cf",
                "sha256:2b431939449be794dc26365e6b4ce0c25b68589b37e6a52a876b3e3a9dfbf777",
                "sha256:2ff774e4fa4ec1771a50002a9dff9e488652b214101f7c7602250c4296339a34",
                "sha256:342913fcc194c646e56885066ae236afb741e674073e31062e13af892d4278eb",
                "sha256:3ada06dbf6c1d685997805221134b0818e3d36b53fa2ba92dd199ef3675fc32c",
                "sha256:3d2745ff5763eb484efdd1ed2a960a5ba63c8265b9270ba2ffa41f49c601d74a",
                "sha256:3d87310f11319d97bf220002b2298bc056b3af8a6b580e85ce4dd9dc3ba0b4c6",
                "sha256:404d15949fde1f0e4a9868f15e459aa8e8384f1c4ae1def2ad32fab5f1942409",
                "sha256:42ee37f998d72aff072cd2ae809a8baf6665b6a8c1435ace61327da95120bd91",
                "sha256:46590155ee15e00f7ffa3ef653cf16a45630e9c4d51120d61f110d48e769062c",
                "sha256:485ae10c0588f76a1f0644b9a5f38d10d60dc8b022d6397efd277f9f8acc8fcd",
                "sha256:4c05a5d6c661bb4aeac49c15ce5e32219c0593c9c411246f9cb58bb3acca4b26",
                "sha256:53e0e08a303dd367d329394160880d65c607eb107780687953a2760e2bad6129",
                "sha256:54ee4e068cc246c720700a25039f61b4008e00477d18962b8eebfc88d01ada36",
                "sha256:57c0b90c05afb21102e5addce7e51c1b6362f1aadd26f88c0792db41e1e4d60d",
                "sha256:5c18bb4609687b3f52e306821632ea87f7ea0a92158bfce15cd96a30b9b225d0",
                "sha256:6113e346eaa886f650f8a357c546abc95d7cb0a1cb86914d9017ba17613e0937",
                "sha256:63c685787d7f817a5eff757df93a3ea5001fc5c016a20d19b04ca8fa53fb0310",
                "sha256:6524538a8bf05f2704c08a307f244b95c725100dbc5f8d565a539f15e7f2a449",
                "sha256:65b77fb38fe7fdcef5aef0c55e686bb6607b3261a4c58f611e5c45d76a460f34",
                "sha256:66c562e0c96eb64643d055129ce7a78e6c8aef124a48e7b2d428654f673f54dc",
                "sha256:69ade86b6e4d341a3be20bad6e7bd908afb088fe5fcbb5c41a6ddd92ce2a5463",
                "sha256:6b68b71aa82d3e2fcfaf0876516c8cacc1f274cfa073d72a446bcd01a594d8a7",
                "sha256:6c648df1e1662f43f5b2aef32551dc20a20f4c1fc6008abe739083e58fbdf878",
                "sha256:6d10f2dc9586708d9b979bb9dea0e4cc69aa35330887397bfd220952976ecedd",
                "sha256:708b993d0bf30c2439d07637bcde7b354918ecd208daadc7327b9fa688a92bf4",
                "sha256:70d81a43858ed59631c361c74812caef22b99cfaa576ef54070b61ea7161cbd3",
                "sha256:73223c36a0b212e38ec87da6e49ad5a7d0be750d5c64baafaf96d814ad68d6c3",
                "sha256:73b2c5e9b20a3a4d58c3f0e441dabceb6ff8f04033dbfc4320a7d4e3a4685d97",
                "sha256:74601990042c2fe654979cb42d0cf3d559d08e0c11e430b3c5779f3404cf497d",
                "sha256:749bc3c9dbd89437a04f2217c40744fc1ecbef3cd0128ceb08f4b8689f8c0880",
                "sha256:7b3bac9ad5d72546e256afebca32206b8227b8db47a5dce2107d9cd1e5b5b180",
                "sha256:7d1cc5835360703608464e2c13bdf33ad02457f11d27cc4e4185432277654c72",
                "sha256:80e148f83ab59e92742b57231d63ab26a7699c79da0d524cee2f48036aa1e533",
                "sha256:899f97ad04fd9954e1745430d4e15ea70f418e152a6499246afe809d07192004",
                "sha256:8e607a4f34a731ea2220f72f08512ee2e76a4f79af6421e11dd024b0fb3db876",
                "sha256:8f87bba8bbcdac611b19f951d52bd849f348f1d5eac1517ed37482930a73cb85",
                "sha256:914fc5ceb5d51dba296c4c3ad8e9ce46c65386f1e18c358b24d73978cc97af25",
                "sha256:91de21e83352677dd0c229a53c99606acce887cf2347a6d55fa2548e4346b1ce",
                "sha256:920db86edd813e293979965ea0b654048489cbd98795dd2dd32946243aede9d9",
                "sha256:9396ceebf45b9b6da1694dffdf6b74e4519e88ac52d8a561de2b84b47c278f2a",
                "sha256:93f2883d5530749c64b2a55754e2c8a33cd51c97867c6d608829717346a5704e",
                "sha256:962ff332d573c86662fe14ee3401eae6ea44838515785970ecc779e8891735c4",
                "sha256:a18fbbd04f7cc88ca41c0b6110a45d324445884d3d685ee5e8d8b3cd484746bd",
                "sha256:ab8dd83ca396cfaa7aa96fc6bf8cf959ee1498d20d572899612af1735aab11af",
                "sha256:afafb496ec15528cb63d32406ecffb70c98d055145e244b5d4f8569abbefb127",
                "sha256:b25e3da348209295a492cbe19ed08d8cd4d862956f74b59bbca8fd02731b3fa1",
                "sha256:b620834f6933ddf1a6412c7c552e677d6ac9247b2834c43deef1f005b954f276",
                "sha256:b714b83c97ec6125f35c97a84cfa8ad74a7e7b7a8db2c06cfa123214dbdc8166",
                "sha256:c5a7c9d1919595b148ff3d4c19226842b11892b4576e90b3e49ccd7f435973b1",
                "sha256:ce2ab219285e8acae1559fa9bb75ef15862227b9aee7339181fd5cc68eab914d",
                "sha256:cea0f21ba97a1a6903994f263c7be4c8b3ca87d554dbba4d4a5d5ef5ddfdd8f7",
                "sha256:d097f2802a9d0d7fb40c49c789af2984b202baa8fd32701082598755f5973f51",
                "sha256:d168defa7276c0f5e147f5e1a0baccbf9239a433ecf37d55cf61e71983f90601",
                "sha256:d835cdd98a34727ed7c63fdb325a8574dbab7f6ae41d9cb1a62c68cfc1966cca",
                "sha256:d87ee9138b3fa71557a4fe37e6bcec9a97942deedf1c16717338d13bd398b703",
                "sha256:d89925f17823e5999d830adcae120dddbc6e48ef1b2937b9a4c535d346decdd6",
                "sha256:da1f21e4d7a8ea8df9c69811e36d0f14d44308aa2b506a5d2550136adfa2a76b",
                "sha256:dc17d9becfa6c835ec04ac53dbf0c3dceb8f33e6f8154515877d2cc253863654",
                "sha256:e23725ca16dd26ce6706540853191f23596bae40e612dc062757d8e49bc6da13",
                "sha256:e27b0d440b7a65863385e5fc254249c4fda3b2dc62680037bd4f7d2f5677d4ce",
                "sha256:e59e314cb6aee1df2995f0a36c42977e6e6c67f958236712a14202be5dd2c386",
                "sha256:e8a9c854c6c656103b4c36154710a8d5be13f3a9a96281e2e183310ba3edfd55",
                "sha256:efc9f5f3810a459ce15abdf1b175e526475819f09b015f1499be16cec0e25ce7",
                "sha256:f1be8d716c1bf1d5f7af583cb932b3bbe42f9618424b8fb3f273291565fb5bdd",
                "sha256:f31e6a1e16fb03b913a7672e837a2d17074bcd95393643962a293ccae636cd8e",
                "sha256:f4a528cf613af87def947a659408be6e519f6eb2b3789dcc285460a2b654b15a",
                "sha256:f7a326efa38ccb9b2f0602498cb1b887c4365033e5bcf42e2cc4d5aacf17e207",
                "sha256:fd33a1f1fe1e42631ef9c6d949bb6ef0428c38b0bbbcaa9f47f13590b499a7d3"
            ],
            "index": "pypi",
            "version": "==2.0.3"
        },
        "pygame-gui": {
            "hashes": [
                "sha256:384f414d476153c0dfd10811fc0b6160610d8a3c5c3a9fadd9fbaf053fc850e3"
            ],
            "index": "pypi",
            "version": "==0.6.5"
        },
        "python-i18n": {
            "hashes": [
                "sha256:bda5b8d889ebd51973e22e53746417bd32783c9bd6780fd27cadbb733915651d",
                "sha256:df97f3d2364bf3a7ebfbd6cbefe8e45483468e52a9e30b909c6078f5f471e4e8"
            ],
            "version": "==0.3.9"
        }
    },
    "develop": {}
}
